
Microsoft Visual Studio Solution File, Format Version 12.00
# Visual Studio 15
VisualStudioVersion = 15.0.26730.16
MinimumVisualStudioVersion = 10.0.40219.1
Project("{FAE04EC0-301F-11D3-BF4B-00C04F79EFBC}") = "loop-statements", "loop-statements\loop-statements.csproj", "{55F72421-8EBA-4CCF-BAEC-451AC24B9330}"
EndProject
Project("{FAE04EC0-301F-11D3-BF4B-00C04F79EFBC}") = "task-2", "task-2\task-2.csproj", "{864508DF-39E8-4BFB-92E5-A728941ED60D}"
EndProject
Project("{FAE04EC0-301F-11D3-BF4B-00C04F79EFBC}") = "task-3", "task-3\task-3.csproj", "{12ACF310-D91A-4F2A-8475-224CFE0A5095}"
EndProject
Project("{FAE04EC0-301F-11D3-BF4B-00C04F79EFBC}") = "task-4.1", "task-4.1\task-4.1.csproj", "{293B60F7-2F7A-4217-BD86-B4EFDF82AA91}"
EndProject
Project("{FAE04EC0-301F-11D3-BF4B-00C04F79EFBC}") = "task-4.2", "task-4.2\task-4.2.csproj", "{2EA5DD50-305E-40CF-8E04-6109169F4CA0}"
EndProject
Project("{FAE04EC0-301F-11D3-BF4B-00C04F79EFBC}") = "task-4.3", "task-4.3\task-4.3.csproj", "{71C2BF2F-3C75-468B-BDE5-F58DBA3D1A9C}"
EndProject
Project("{FAE04EC0-301F-11D3-BF4B-00C04F79EFBC}") = "task-4.4", "task-4.4\task-4.4.csproj", "{60511450-8740-411C-A73F-73DC3EB08E9C}"
EndProject
Project("{FAE04EC0-301F-11D3-BF4B-00C04F79EFBC}") = "task-4.5", "task-4.5\task-4.5.csproj", "{B7D1DC5F-1E0D-461B-A196-53E18A63427F}"
EndProject
Global
	GlobalSection(SolutionConfigurationPlatforms) = preSolution
		Debug|Any CPU = Debug|Any CPU
		Release|Any CPU = Release|Any CPU
	EndGlobalSection
	GlobalSection(ProjectConfigurationPlatforms) = postSolution
		{55F72421-8EBA-4CCF-BAEC-451AC24B9330}.Debug|Any CPU.ActiveCfg = Debug|Any CPU
		{55F72421-8EBA-4CCF-BAEC-451AC24B9330}.Debug|Any CPU.Build.0 = Debug|Any CPU
		{55F72421-8EBA-4CCF-BAEC-451AC24B9330}.Release|Any CPU.ActiveCfg = Release|Any CPU
		{55F72421-8EBA-4CCF-BAEC-451AC24B9330}.Release|Any CPU.Build.0 = Release|Any CPU
		{864508DF-39E8-4BFB-92E5-A728941ED60D}.Debug|Any CPU.ActiveCfg = Debug|Any CPU
		{864508DF-39E8-4BFB-92E5-A728941ED60D}.Debug|Any CPU.Build.0 = Debug|Any CPU
		{864508DF-39E8-4BFB-92E5-A728941ED60D}.Release|Any CPU.ActiveCfg = Release|Any CPU
		{864508DF-39E8-4BFB-92E5-A728941ED60D}.Release|Any CPU.Build.0 = Release|Any CPU
		{12ACF310-D91A-4F2A-8475-224CFE0A5095}.Debug|Any CPU.ActiveCfg = Debug|Any CPU
		{12ACF310-D91A-4F2A-8475-224CFE0A5095}.Debug|Any CPU.Build.0 = Debug|Any CPU
		{12ACF310-D91A-4F2A-8475-224CFE0A5095}.Release|Any CPU.ActiveCfg = Release|Any CPU
		{12ACF310-D91A-4F2A-8475-224CFE0A5095}.Release|Any CPU.Build.0 = Release|Any CPU
		{293B60F7-2F7A-4217-BD86-B4EFDF82AA91}.Debug|Any CPU.ActiveCfg = Debug|Any CPU
		{293B60F7-2F7A-4217-BD86-B4EFDF82AA91}.Debug|Any CPU.Build.0 = Debug|Any CPU
		{293B60F7-2F7A-4217-BD86-B4EFDF82AA91}.Release|Any CPU.ActiveCfg = Release|Any CPU
		{293B60F7-2F7A-4217-BD86-B4EFDF82AA91}.Release|Any CPU.Build.0 = Release|Any CPU
		{2EA5DD50-305E-40CF-8E04-6109169F4CA0}.Debug|Any CPU.ActiveCfg = Debug|Any CPU
		{2EA5DD50-305E-40CF-8E04-6109169F4CA0}.Debug|Any CPU.Build.0 = Debug|Any CPU
		{2EA5DD50-305E-40CF-8E04-6109169F4CA0}.Release|Any CPU.ActiveCfg = Release|Any CPU
		{2EA5DD50-305E-40CF-8E04-6109169F4CA0}.Release|Any CPU.Build.0 = Release|Any CPU
		{71C2BF2F-3C75-468B-BDE5-F58DBA3D1A9C}.Debug|Any CPU.ActiveCfg = Debug|Any CPU
		{71C2BF2F-3C75-468B-BDE5-F58DBA3D1A9C}.Debug|Any CPU.Build.0 = Debug|Any CPU
		{71C2BF2F-3C75-468B-BDE5-F58DBA3D1A9C}.Release|Any CPU.ActiveCfg = Release|Any CPU
		{71C2BF2F-3C75-468B-BDE5-F58DBA3D1A9C}.Release|Any CPU.Build.0 = Release|Any CPU
		{60511450-8740-411C-A73F-73DC3EB08E9C}.Debug|Any CPU.ActiveCfg = Debug|Any CPU
		{60511450-8740-411C-A73F-73DC3EB08E9C}.Debug|Any CPU.Build.0 = Debug|Any CPU
		{60511450-8740-411C-A73F-73DC3EB08E9C}.Release|Any CPU.ActiveCfg = Release|Any CPU
		{60511450-8740-411C-A73F-73DC3EB08E9C}.Release|Any CPU.Build.0 = Release|Any CPU
		{B7D1DC5F-1E0D-461B-A196-53E18A63427F}.Debug|Any CPU.ActiveCfg = Debug|Any CPU
		{B7D1DC5F-1E0D-461B-A196-53E18A63427F}.Debug|Any CPU.Build.0 = Debug|Any CPU
		{B7D1DC5F-1E0D-461B-A196-53E18A63427F}.Release|Any CPU.ActiveCfg = Release|Any CPU
		{B7D1DC5F-1E0D-461B-A196-53E18A63427F}.Release|Any CPU.Build.0 = Release|Any CPU
	EndGlobalSection
	GlobalSection(SolutionProperties) = preSolution
		HideSolutionNode = FALSE
	EndGlobalSection
	GlobalSection(ExtensibilityGlobals) = postSolution
		SolutionGuid = {C36B1D16-0735-446C-A4BD-01DDC268D55F}
	EndGlobalSection
EndGlobal
