
Microsoft Visual Studio Solution File, Format Version 12.00
# Visual Studio 15
VisualStudioVersion = 15.0.26730.16
MinimumVisualStudioVersion = 10.0.40219.1
Project("{FAE04EC0-301F-11D3-BF4B-00C04F79EFBC}") = "task1", "task1\task1.csproj", "{FE206E1D-229C-428F-AB67-60349157683A}"
EndProject
Project("{FAE04EC0-301F-11D3-BF4B-00C04F79EFBC}") = "task2", "task2\task2.csproj", "{B62B39C4-4F83-47DE-9A6A-96FB28AA0025}"
EndProject
Project("{FAE04EC0-301F-11D3-BF4B-00C04F79EFBC}") = "task3.1", "task3.1\task3.1.csproj", "{D81123FD-8756-4911-B9A6-3C69D082256A}"
EndProject
Project("{FAE04EC0-301F-11D3-BF4B-00C04F79EFBC}") = "task3.2", "task3.2\task3.2.csproj", "{8D68C39B-7A07-4BE4-B4CD-C37AA9A3CEAB}"
EndProject
Project("{FAE04EC0-301F-11D3-BF4B-00C04F79EFBC}") = "task3.3", "task3.3\task3.3.csproj", "{8BBF513A-D9DE-479A-B1CB-A1BB086C32FB}"
EndProject
Global
	GlobalSection(SolutionConfigurationPlatforms) = preSolution
		Debug|Any CPU = Debug|Any CPU
		Release|Any CPU = Release|Any CPU
	EndGlobalSection
	GlobalSection(ProjectConfigurationPlatforms) = postSolution
		{FE206E1D-229C-428F-AB67-60349157683A}.Debug|Any CPU.ActiveCfg = Debug|Any CPU
		{FE206E1D-229C-428F-AB67-60349157683A}.Debug|Any CPU.Build.0 = Debug|Any CPU
		{FE206E1D-229C-428F-AB67-60349157683A}.Release|Any CPU.ActiveCfg = Release|Any CPU
		{FE206E1D-229C-428F-AB67-60349157683A}.Release|Any CPU.Build.0 = Release|Any CPU
		{B62B39C4-4F83-47DE-9A6A-96FB28AA0025}.Debug|Any CPU.ActiveCfg = Debug|Any CPU
		{B62B39C4-4F83-47DE-9A6A-96FB28AA0025}.Debug|Any CPU.Build.0 = Debug|Any CPU
		{B62B39C4-4F83-47DE-9A6A-96FB28AA0025}.Release|Any CPU.ActiveCfg = Release|Any CPU
		{B62B39C4-4F83-47DE-9A6A-96FB28AA0025}.Release|Any CPU.Build.0 = Release|Any CPU
		{D81123FD-8756-4911-B9A6-3C69D082256A}.Debug|Any CPU.ActiveCfg = Debug|Any CPU
		{D81123FD-8756-4911-B9A6-3C69D082256A}.Debug|Any CPU.Build.0 = Debug|Any CPU
		{D81123FD-8756-4911-B9A6-3C69D082256A}.Release|Any CPU.ActiveCfg = Release|Any CPU
		{D81123FD-8756-4911-B9A6-3C69D082256A}.Release|Any CPU.Build.0 = Release|Any CPU
		{8D68C39B-7A07-4BE4-B4CD-C37AA9A3CEAB}.Debug|Any CPU.ActiveCfg = Debug|Any CPU
		{8D68C39B-7A07-4BE4-B4CD-C37AA9A3CEAB}.Debug|Any CPU.Build.0 = Debug|Any CPU
		{8D68C39B-7A07-4BE4-B4CD-C37AA9A3CEAB}.Release|Any CPU.ActiveCfg = Release|Any CPU
		{8D68C39B-7A07-4BE4-B4CD-C37AA9A3CEAB}.Release|Any CPU.Build.0 = Release|Any CPU
		{8BBF513A-D9DE-479A-B1CB-A1BB086C32FB}.Debug|Any CPU.ActiveCfg = Debug|Any CPU
		{8BBF513A-D9DE-479A-B1CB-A1BB086C32FB}.Debug|Any CPU.Build.0 = Debug|Any CPU
		{8BBF513A-D9DE-479A-B1CB-A1BB086C32FB}.Release|Any CPU.ActiveCfg = Release|Any CPU
		{8BBF513A-D9DE-479A-B1CB-A1BB086C32FB}.Release|Any CPU.Build.0 = Release|Any CPU
	EndGlobalSection
	GlobalSection(SolutionProperties) = preSolution
		HideSolutionNode = FALSE
	EndGlobalSection
	GlobalSection(ExtensibilityGlobals) = postSolution
		SolutionGuid = {7CDD4CF1-EA63-4E15-9F7B-0AE4A76234E9}
	EndGlobalSection
EndGlobal
