
Microsoft Visual Studio Solution File, Format Version 12.00
# Visual Studio 15
VisualStudioVersion = 15.0.26730.16
MinimumVisualStudioVersion = 10.0.40219.1
Project("{FAE04EC0-301F-11D3-BF4B-00C04F79EFBC}") = "task1", "task1\task1.csproj", "{26D0D9D6-27C3-4CFC-A2D4-41F1DEF186E3}"
EndProject
Project("{FAE04EC0-301F-11D3-BF4B-00C04F79EFBC}") = "task-2", "task-2\task-2.csproj", "{54B83D67-C7C8-4D4D-9E65-7FCED8B32D35}"
EndProject
Project("{FAE04EC0-301F-11D3-BF4B-00C04F79EFBC}") = "task3", "task3\task3.csproj", "{7B4F71D4-4D60-4769-AABA-4E15452E830D}"
EndProject
Global
	GlobalSection(SolutionConfigurationPlatforms) = preSolution
		Debug|Any CPU = Debug|Any CPU
		Release|Any CPU = Release|Any CPU
	EndGlobalSection
	GlobalSection(ProjectConfigurationPlatforms) = postSolution
		{26D0D9D6-27C3-4CFC-A2D4-41F1DEF186E3}.Debug|Any CPU.ActiveCfg = Debug|Any CPU
		{26D0D9D6-27C3-4CFC-A2D4-41F1DEF186E3}.Debug|Any CPU.Build.0 = Debug|Any CPU
		{26D0D9D6-27C3-4CFC-A2D4-41F1DEF186E3}.Release|Any CPU.ActiveCfg = Release|Any CPU
		{26D0D9D6-27C3-4CFC-A2D4-41F1DEF186E3}.Release|Any CPU.Build.0 = Release|Any CPU
		{54B83D67-C7C8-4D4D-9E65-7FCED8B32D35}.Debug|Any CPU.ActiveCfg = Debug|Any CPU
		{54B83D67-C7C8-4D4D-9E65-7FCED8B32D35}.Debug|Any CPU.Build.0 = Debug|Any CPU
		{54B83D67-C7C8-4D4D-9E65-7FCED8B32D35}.Release|Any CPU.ActiveCfg = Release|Any CPU
		{54B83D67-C7C8-4D4D-9E65-7FCED8B32D35}.Release|Any CPU.Build.0 = Release|Any CPU
		{7B4F71D4-4D60-4769-AABA-4E15452E830D}.Debug|Any CPU.ActiveCfg = Debug|Any CPU
		{7B4F71D4-4D60-4769-AABA-4E15452E830D}.Debug|Any CPU.Build.0 = Debug|Any CPU
		{7B4F71D4-4D60-4769-AABA-4E15452E830D}.Release|Any CPU.ActiveCfg = Release|Any CPU
		{7B4F71D4-4D60-4769-AABA-4E15452E830D}.Release|Any CPU.Build.0 = Release|Any CPU
	EndGlobalSection
	GlobalSection(SolutionProperties) = preSolution
		HideSolutionNode = FALSE
	EndGlobalSection
	GlobalSection(ExtensibilityGlobals) = postSolution
		SolutionGuid = {62A45B3F-C9AE-4B11-9C15-2E3FA67E646F}
	EndGlobalSection
EndGlobal
